
Microsoft Visual Studio Solution File, Format Version 12.00
# Visual Studio 15
VisualStudioVersion = 15.0.27428.1
MinimumVisualStudioVersion = 10.0.40219.1
Project("{FAE04EC0-301F-11D3-BF4B-00C04F79EFBC}") = "CCBParamEncrypt", "CCBParamEncrypt\CCBParamEncrypt.csproj", "{E0B572A6-B73C-4CBF-BDFB-4453813D36B9}"
EndProject
Project("{FAE04EC0-301F-11D3-BF4B-00C04F79EFBC}") = "CCBParamEncryptTests", "CCBParamEncryptTests\CCBParamEncryptTests.csproj", "{D017FD95-BE94-44EB-87CA-17BB3EA5EF21}"
EndProject
Global
	GlobalSection(SolutionConfigurationPlatforms) = preSolution
		Debug|Any CPU = Debug|Any CPU
		Release|Any CPU = Release|Any CPU
	EndGlobalSection
	GlobalSection(ProjectConfigurationPlatforms) = postSolution
		{E0B572A6-B73C-4CBF-BDFB-4453813D36B9}.Debug|Any CPU.ActiveCfg = Debug|Any CPU
		{E0B572A6-B73C-4CBF-BDFB-4453813D36B9}.Debug|Any CPU.Build.0 = Debug|Any CPU
		{E0B572A6-B73C-4CBF-BDFB-4453813D36B9}.Release|Any CPU.ActiveCfg = Release|Any CPU
		{E0B572A6-B73C-4CBF-BDFB-4453813D36B9}.Release|Any CPU.Build.0 = Release|Any CPU
		{D017FD95-BE94-44EB-87CA-17BB3EA5EF21}.Debug|Any CPU.ActiveCfg = Debug|Any CPU
		{D017FD95-BE94-44EB-87CA-17BB3EA5EF21}.Debug|Any CPU.Build.0 = Debug|Any CPU
		{D017FD95-BE94-44EB-87CA-17BB3EA5EF21}.Release|Any CPU.ActiveCfg = Release|Any CPU
		{D017FD95-BE94-44EB-87CA-17BB3EA5EF21}.Release|Any CPU.Build.0 = Release|Any CPU
	EndGlobalSection
	GlobalSection(SolutionProperties) = preSolution
		HideSolutionNode = FALSE
	EndGlobalSection
	GlobalSection(ExtensibilityGlobals) = postSolution
		SolutionGuid = {C306C23F-FDB5-45EC-8EE0-9404EE0C5014}
	EndGlobalSection
EndGlobal
